// !$*UTF8*$!
{
	archiveVersion = 1;
	classes = {
	};
	objectVersion = 46;
	objects = {

/* Begin PBXBuildFile section */
		20065B571BE27D3000112B69 /* main.m in Sources */ = {isa = PBXBuildFile; fileRef = 20065B561BE27D3000112B69 /* main.m */; };
		20065B5A1BE27D3000112B69 /* AppDelegate.m in Sources */ = {isa = PBXBuildFile; fileRef = 20065B591BE27D3000112B69 /* AppDelegate.m */; };
		20065B5D1BE27D3000112B69 /* ViewController.m in Sources */ = {isa = PBXBuildFile; fileRef = 20065B5C1BE27D3000112B69 /* ViewController.m */; };
		20065B601BE27D3000112B69 /* Main.storyboard in Resources */ = {isa = PBXBuildFile; fileRef = 20065B5E1BE27D3000112B69 /* Main.storyboard */; };
		20065B621BE27D3000112B69 /* Assets.xcassets in Resources */ = {isa = PBXBuildFile; fileRef = 20065B611BE27D3000112B69 /* Assets.xcassets */; };
		20065B651BE27D3000112B69 /* LaunchScreen.storyboard in Resources */ = {isa = PBXBuildFile; fileRef = 20065B631BE27D3000112B69 /* LaunchScreen.storyboard */; };
		20065B6E1BE27DCE00112B69 /* CustomPlayerView.m in Sources */ = {isa = PBXBuildFile; fileRef = 20065B6D1BE27DCE00112B69 /* CustomPlayerView.m */; };
		20065B701BE2846200112B69 /* AVFoundation.framework in Frameworks */ = {isa = PBXBuildFile; fileRef = 20065B6F1BE2846200112B69 /* AVFoundation.framework */; };
		20065B721BE2847600112B69 /* MediaPlayer.framework in Frameworks */ = {isa = PBXBuildFile; fileRef = 20065B711BE2847600112B69 /* MediaPlayer.framework */; };
		20FE8CF31BF2D9C70035A93E /* NSDate+SUDate.m in Sources */ = {isa = PBXBuildFile; fileRef = 20FE8CEE1BF2D9C70035A93E /* NSDate+SUDate.m */; };
		20FE8CF41BF2D9C70035A93E /* NSString+SUString.m in Sources */ = {isa = PBXBuildFile; fileRef = 20FE8CF01BF2D9C70035A93E /* NSString+SUString.m */; };
		20FE8CF51BF2D9C70035A93E /* UIImage+SUImage.m in Sources */ = {isa = PBXBuildFile; fileRef = 20FE8CF21BF2D9C70035A93E /* UIImage+SUImage.m */; };
/* End PBXBuildFile section */

/* Begin PBXFileReference section */
		20065B521BE27D3000112B69 /* avplayer.app */ = {isa = PBXFileReference; explicitFileType = wrapper.application; includeInIndex = 0; path = avplayer.app; sourceTree = BUILT_PRODUCTS_DIR; };
		20065B561BE27D3000112B69 /* main.m */ = {isa = PBXFileReference; lastKnownFileType = sourcecode.c.objc; path = main.m; sourceTree = "<group>"; };
		20065B581BE27D3000112B69 /* AppDelegate.h */ = {isa = PBXFileReference; lastKnownFileType = sourcecode.c.h; path = AppDelegate.h; sourceTree = "<group>"; };
		20065B591BE27D3000112B69 /* AppDelegate.m */ = {isa = PBXFileReference; lastKnownFileType = sourcecode.c.objc; path = AppDelegate.m; sourceTree = "<group>"; };
		20065B5B1BE27D3000112B69 /* ViewController.h */ = {isa = PBXFileReference; lastKnownFileType = sourcecode.c.h; path = ViewController.h; sourceTree = "<group>"; };
		20065B5C1BE27D3000112B69 /* ViewController.m */ = {isa = PBXFileReference; lastKnownFileType = sourcecode.c.objc; path = ViewController.m; sourceTree = "<group>"; };
		20065B5F1BE27D3000112B69 /* Base */ = {isa = PBXFileReference; lastKnownFileType = file.storyboard; name = Base; path = Base.lproj/Main.storyboard; sourceTree = "<group>"; };
		20065B611BE27D3000112B69 /* Assets.xcassets */ = {isa = PBXFileReference; lastKnownFileType = folder.assetcatalog; path = Assets.xcassets; sourceTree = "<group>"; };
		20065B641BE27D3000112B69 /* Base */ = {isa = PBXFileReference; lastKnownFileType = file.storyboard; name = Base; path = Base.lproj/LaunchScreen.storyboard; sourceTree = "<group>"; };
		20065B661BE27D3000112B69 /* Info.plist */ = {isa = PBXFileReference; lastKnownFileType = text.plist.xml; path = Info.plist; sourceTree = "<group>"; };
		20065B6C1BE27DCE00112B69 /* CustomPlayerView.h */ = {isa = PBXFileReference; fileEncoding = 4; lastKnownFileType = sourcecode.c.h; path = CustomPlayerView.h; sourceTree = "<group>"; };
		20065B6D1BE27DCE00112B69 /* CustomPlayerView.m */ = {isa = PBXFileReference; fileEncoding = 4; lastKnownFileType = sourcecode.c.objc; path = CustomPlayerView.m; sourceTree = "<group>"; };
		20065B6F1BE2846200112B69 /* AVFoundation.framework */ = {isa = PBXFileReference; lastKnownFileType = wrapper.framework; name = AVFoundation.framework; path = System/Library/Frameworks/AVFoundation.framework; sourceTree = SDKROOT; };
		20065B711BE2847600112B69 /* MediaPlayer.framework */ = {isa = PBXFileReference; lastKnownFileType = wrapper.framework; name = MediaPlayer.framework; path = System/Library/Frameworks/MediaPlayer.framework; sourceTree = SDKROOT; };
		20FE8CED1BF2D9C70035A93E /* NSDate+SUDate.h */ = {isa = PBXFileReference; fileEncoding = 4; lastKnownFileType = sourcecode.c.h; path = "NSDate+SUDate.h"; sourceTree = "<group>"; };
		20FE8CEE1BF2D9C70035A93E /* NSDate+SUDate.m */ = {isa = PBXFileReference; fileEncoding = 4; lastKnownFileType = sourcecode.c.objc; path = "NSDate+SUDate.m"; sourceTree = "<group>"; };
		20FE8CEF1BF2D9C70035A93E /* NSString+SUString.h */ = {isa = PBXFileReference; fileEncoding = 4; lastKnownFileType = sourcecode.c.h; path = "NSString+SUString.h"; sourceTree = "<group>"; };
		20FE8CF01BF2D9C70035A93E /* NSString+SUString.m */ = {isa = PBXFileReference; fileEncoding = 4; lastKnownFileType = sourcecode.c.objc; path = "NSString+SUString.m"; sourceTree = "<group>"; };
		20FE8CF11BF2D9C70035A93E /* UIImage+SUImage.h */ = {isa = PBXFileReference; fileEncoding = 4; lastKnownFileType = sourcecode.c.h; path = "UIImage+SUImage.h"; sourceTree = "<group>"; };
		20FE8CF21BF2D9C70035A93E /* UIImage+SUImage.m */ = {isa = PBXFileReference; fileEncoding = 4; lastKnownFileType = sourcecode.c.objc; path = "UIImage+SUImage.m"; sourceTree = "<group>"; };
/* End PBXFileReference section */

/* Begin PBXFrameworksBuildPhase section */
		20065B4F1BE27D3000112B69 /* Frameworks */ = {
			isa = PBXFrameworksBuildPhase;
			buildActionMask = 2147483647;
			files = (
				20065B721BE2847600112B69 /* MediaPlayer.framework in Frameworks */,
				20065B701BE2846200112B69 /* AVFoundation.framework in Frameworks */,
			);
			runOnlyForDeploymentPostprocessing = 0;
		};
/* End PBXFrameworksBuildPhase section */

/* Begin PBXGroup section */
		20065B491BE27D3000112B69 = {
			isa = PBXGroup;
			children = (
				20065B711BE2847600112B69 /* MediaPlayer.framework */,
				20065B6F1BE2846200112B69 /* AVFoundation.framework */,
				20065B541BE27D3000112B69 /* avplayer */,
				20065B531BE27D3000112B69 /* Products */,
			);
			sourceTree = "<group>";
		};
		20065B531BE27D3000112B69 /* Products */ = {
			isa = PBXGroup;
			children = (
				20065B521BE27D3000112B69 /* avplayer.app */,
			);
			name = Products;
			sourceTree = "<group>";
		};
		20065B541BE27D3000112B69 /* avplayer */ = {
			isa = PBXGroup;
			children = (
				20065B731BE293E000112B69 /* image */,
				20065B581BE27D3000112B69 /* AppDelegate.h */,
				20065B591BE27D3000112B69 /* AppDelegate.m */,
				20065B5B1BE27D3000112B69 /* ViewController.h */,
				20065B5C1BE27D3000112B69 /* ViewController.m */,
				20065B6C1BE27DCE00112B69 /* CustomPlayerView.h */,
				20065B6D1BE27DCE00112B69 /* CustomPlayerView.m */,
				20065B5E1BE27D3000112B69 /* Main.storyboard */,
				20065B611BE27D3000112B69 /* Assets.xcassets */,
				20065B631BE27D3000112B69 /* LaunchScreen.storyboard */,
				20065B661BE27D3000112B69 /* Info.plist */,
				20FE8CEC1BF2D9C70035A93E /* Category */,
				20065B551BE27D3000112B69 /* Supporting Files */,
			);
			path = avplayer;
			sourceTree = "<group>";
		};
		20065B551BE27D3000112B69 /* Supporting Files */ = {
			isa = PBXGroup;
			children = (
				20065B561BE27D3000112B69 /* main.m */,
			);
			name = "Supporting Files";
			sourceTree = "<group>";
		};
		20065B731BE293E000112B69 /* image */ = {
			isa = PBXGroup;
			children = (
			);
			name = image;
			sourceTree = "<group>";
		};
		20FE8CEC1BF2D9C70035A93E /* Category */ = {
			isa = PBXGroup;
			children = (
				20FE8CED1BF2D9C70035A93E /* NSDate+SUDate.h */,
				20FE8CEE1BF2D9C70035A93E /* NSDate+SUDate.m */,
				20FE8CEF1BF2D9C70035A93E /* NSString+SUString.h */,
				20FE8CF01BF2D9C70035A93E /* NSString+SUString.m */,
				20FE8CF11BF2D9C70035A93E /* UIImage+SUImage.h */,
				20FE8CF21BF2D9C70035A93E /* UIImage+SUImage.m */,
			);
			path = Category;
			sourceTree = "<group>";
		};
/* End PBXGroup section */

/* Begin PBXNativeTarget section */
		20065B511BE27D3000112B69 /* avplayer */ = {
			isa = PBXNativeTarget;
			buildConfigurationList = 20065B691BE27D3000112B69 /* Build configuration list for PBXNativeTarget "avplayer" */;
			buildPhases = (
				20065B4E1BE27D3000112B69 /* Sources */,
				20065B4F1BE27D3000112B69 /* Frameworks */,
				20065B501BE27D3000112B69 /* Resources */,
			);
			buildRules = (
			);
			dependencies = (
			);
			name = avplayer;
			productName = avplayer;
			productReference = 20065B521BE27D3000112B69 /* avplayer.app */;
			productType = "com.apple.product-type.application";
		};
/* End PBXNativeTarget section */

/* Begin PBXProject section */
		20065B4A1BE27D3000112B69 /* Project object */ = {
			isa = PBXProject;
			attributes = {
				LastUpgradeCheck = 0700;
				ORGANIZATIONNAME = ouzhenxuan;
				TargetAttributes = {
					20065B511BE27D3000112B69 = {
						CreatedOnToolsVersion = 7.0;
					};
				};
			};
			buildConfigurationList = 20065B4D1BE27D3000112B69 /* Build configuration list for PBXProject "avplayer" */;
			compatibilityVersion = "Xcode 3.2";
			developmentRegion = English;
			hasScannedForEncodings = 0;
			knownRegions = (
				en,
				Base,
			);
			mainGroup = 20065B491BE27D3000112B69;
			productRefGroup = 20065B531BE27D3000112B69 /* Products */;
			projectDirPath = "";
			projectRoot = "";
			targets = (
				20065B511BE27D3000112B69 /* avplayer */,
			);
		};
/* End PBXProject section */

/* Begin PBXResourcesBuildPhase section */
		20065B501BE27D3000112B69 /* Resources */ = {
			isa = PBXResourcesBuildPhase;
			buildActionMask = 2147483647;
			files = (
				20065B651BE27D3000112B69 /* LaunchScreen.storyboard in Resources */,
				20065B621BE27D3000112B69 /* Assets.xcassets in Resources */,
				20065B601BE27D3000112B69 /* Main.storyboard in Resources */,
			);
			runOnlyForDeploymentPostprocessing = 0;
		};
/* End PBXResourcesBuildPhase section */

/* Begin PBXSourcesBuildPhase section */
		20065B4E1BE27D3000112B69 /* Sources */ = {
			isa = PBXSourcesBuildPhase;
			buildActionMask = 2147483647;
			files = (
				20065B6E1BE27DCE00112B69 /* CustomPlayerView.m in Sources */,
				20065B5D1BE27D3000112B69 /* ViewController.m in Sources */,
				20FE8CF51BF2D9C70035A93E /* UIImage+SUImage.m in Sources */,
				20FE8CF41BF2D9C70035A93E /* NSString+SUString.m in Sources */,
				20065B5A1BE27D3000112B69 /* AppDelegate.m in Sources */,
				20FE8CF31BF2D9C70035A93E /* NSDate+SUDate.m in Sources */,
				20065B571BE27D3000112B69 /* main.m in Sources */,
			);
			runOnlyForDeploymentPostprocessing = 0;
		};
/* End PBXSourcesBuildPhase section */

/* Begin PBXVariantGroup section */
		20065B5E1BE27D3000112B69 /* Main.storyboard */ = {
			isa = PBXVariantGroup;
			children = (
				20065B5F1BE27D3000112B69 /* Base */,
			);
			name = Main.storyboard;
			sourceTree = "<group>";
		};
		20065B631BE27D3000112B69 /* LaunchScreen.storyboard */ = {
			isa = PBXVariantGroup;
			children = (
				20065B641BE27D3000112B69 /* Base */,
			);
			name = LaunchScreen.storyboard;
			sourceTree = "<group>";
		};
/* End PBXVariantGroup section */

/* Begin XCBuildConfiguration section */
		20065B671BE27D3000112B69 /* Debug */ = {
			isa = XCBuildConfiguration;
			buildSettings = {
				ALWAYS_SEARCH_USER_PATHS = NO;
				CLANG_CXX_LANGUAGE_STANDARD = "gnu++0x";
				CLANG_CXX_LIBRARY = "libc++";
				CLANG_ENABLE_MODULES = YES;
				CLANG_ENABLE_OBJC_ARC = YES;
				CLANG_WARN_BOOL_CONVERSION = YES;
				CLANG_WARN_CONSTANT_CONVERSION = YES;
				CLANG_WARN_DIRECT_OBJC_ISA_USAGE = YES_ERROR;
				CLANG_WARN_EMPTY_BODY = YES;
				CLANG_WARN_ENUM_CONVERSION = YES;
				CLANG_WARN_INT_CONVERSION = YES;
				CLANG_WARN_OBJC_ROOT_CLASS = YES_ERROR;
				CLANG_WARN_UNREACHABLE_CODE = YES;
				CLANG_WARN__DUPLICATE_METHOD_MATCH = YES;
				"CODE_SIGN_IDENTITY[sdk=iphoneos*]" = "iPhone Developer";
				COPY_PHASE_STRIP = NO;
				DEBUG_INFORMATION_FORMAT = dwarf;
				ENABLE_STRICT_OBJC_MSGSEND = YES;
				ENABLE_TESTABILITY = YES;
				GCC_C_LANGUAGE_STANDARD = gnu99;
				GCC_DYNAMIC_NO_PIC = NO;
				GCC_NO_COMMON_BLOCKS = YES;
				GCC_OPTIMIZATION_LEVEL = 0;
				GCC_PREPROCESSOR_DEFINITIONS = (
					"DEBUG=1",
					"$(inherited)",
				);
				GCC_WARN_64_TO_32_BIT_CONVERSION = YES;
				GCC_WARN_ABOUT_RETURN_TYPE = YES_ERROR;
				GCC_WARN_UNDECLARED_SELECTOR = YES;
				GCC_WARN_UNINITIALIZED_AUTOS = YES_AGGRESSIVE;
				GCC_WARN_UNUSED_FUNCTION = YES;
				GCC_WARN_UNUSED_VARIABLE = YES;
				IPHONEOS_DEPLOYMENT_TARGET = 9.0;
				MTL_ENABLE_DEBUG_INFO = YES;
				ONLY_ACTIVE_ARCH = YES;
				SDKROOT = iphoneos;
				TARGETED_DEVICE_FAMILY = "1,2";
			};
			name = Debug;
		};
		20065B681BE27D3000112B69 /* Release */ = {
			isa = XCBuildConfiguration;
			buildSettings = {
				ALWAYS_SEARCH_USER_PATHS = NO;
				CLANG_CXX_LANGUAGE_STANDARD = "gnu++0x";
				CLANG_CXX_LIBRARY = "libc++";
				CLANG_ENABLE_MODULES = YES;
				CLANG_ENABLE_OBJC_ARC = YES;
				CLANG_WARN_BOOL_CONVERSION = YES;
				CLANG_WARN_CONSTANT_CONVERSION = YES;
				CLANG_WARN_DIRECT_OBJC_ISA_USAGE = YES_ERROR;
				CLANG_WARN_EMPTY_BODY = YES;
				CLANG_WARN_ENUM_CONVERSION = YES;
				CLANG_WARN_INT_CONVERSION = YES;
				CLANG_WARN_OBJC_ROOT_CLASS = YES_ERROR;
				CLANG_WARN_UNREACHABLE_CODE = YES;
				CLANG_WARN__DUPLICATE_METHOD_MATCH = YES;
				"CODE_SIGN_IDENTITY[sdk=iphoneos*]" = "iPhone Developer";
				COPY_PHASE_STRIP = NO;
				DEBUG_INFORMATION_FORMAT = "dwarf-with-dsym";
				ENABLE_NS_ASSERTIONS = NO;
				ENABLE_STRICT_OBJC_MSGSEND = YES;
				GCC_C_LANGUAGE_STANDARD = gnu99;
				GCC_NO_COMMON_BLOCKS = YES;
				GCC_WARN_64_TO_32_BIT_CONVERSION = YES;
				GCC_WARN_ABOUT_RETURN_TYPE = YES_ERROR;
				GCC_WARN_UNDECLARED_SELECTOR = YES;
				GCC_WARN_UNINITIALIZED_AUTOS = YES_AGGRESSIVE;
				GCC_WARN_UNUSED_FUNCTION = YES;
				GCC_WARN_UNUSED_VARIABLE = YES;
				IPHONEOS_DEPLOYMENT_TARGET = 9.0;
				MTL_ENABLE_DEBUG_INFO = NO;
				SDKROOT = iphoneos;
				TARGETED_DEVICE_FAMILY = "1,2";
				VALIDATE_PRODUCT = YES;
			};
			name = Release;
		};
		20065B6A1BE27D3000112B69 /* Debug */ = {
			isa = XCBuildConfiguration;
			buildSettings = {
				ASSETCATALOG_COMPILER_APPICON_NAME = AppIcon;
				INFOPLIST_FILE = avplayer/Info.plist;
				IPHONEOS_DEPLOYMENT_TARGET = 8.0;
				LD_RUNPATH_SEARCH_PATHS = "$(inherited) @executable_path/Frameworks";
				PRODUCT_BUNDLE_IDENTIFIER = ouzhenxuan.avplayer;
				PRODUCT_NAME = "$(TARGET_NAME)";
			};
			name = Debug;
		};
		20065B6B1BE27D3000112B69 /* Release */ = {
			isa = XCBuildConfiguration;
			buildSettings = {
				ASSETCATALOG_COMPILER_APPICON_NAME = AppIcon;
				INFOPLIST_FILE = avplayer/Info.plist;
				IPHONEOS_DEPLOYMENT_TARGET = 8.0;
				LD_RUNPATH_SEARCH_PATHS = "$(inherited) @executable_path/Frameworks";
				PRODUCT_BUNDLE_IDENTIFIER = ouzhenxuan.avplayer;
				PRODUCT_NAME = "$(TARGET_NAME)";
			};
			name = Release;
		};
/* End XCBuildConfiguration section */

/* Begin XCConfigurationList section */
		20065B4D1BE27D3000112B69 /* Build configuration list for PBXProject "avplayer" */ = {
			isa = XCConfigurationList;
			buildConfigurations = (
				20065B671BE27D3000112B69 /* Debug */,
				20065B681BE27D3000112B69 /* Release */,
			);
			defaultConfigurationIsVisible = 0;
			defaultConfigurationName = Release;
		};
		20065B691BE27D3000112B69 /* Build configuration list for PBXNativeTarget "avplayer" */ = {
			isa = XCConfigurationList;
			buildConfigurations = (
				20065B6A1BE27D3000112B69 /* Debug */,
				20065B6B1BE27D3000112B69 /* Release */,
			);
			defaultConfigurationIsVisible = 0;
			defaultConfigurationName = Release;
		};
/* End XCConfigurationList section */
	};
	rootObject = 20065B4A1BE27D3000112B69 /* Project object */;
}
